
Microsoft Visual Studio Solution File, Format Version 12.00
Project("{FAE04EC0-301F-11D3-BF4B-00C04F79EFBC}") = "Stannum", "Stannum.csproj", "{3B302EF6-16E2-435E-97B7-6AE4197C0ACF}"
EndProject
Global
	GlobalSection(SolutionConfigurationPlatforms) = preSolution
		Debug|Any CPU = Debug|Any CPU
		Release|Any CPU = Release|Any CPU
	EndGlobalSection
	GlobalSection(ProjectConfigurationPlatforms) = postSolution
		{3B302EF6-16E2-435E-97B7-6AE4197C0ACF}.Debug|Any CPU.ActiveCfg = Debug|Any CPU
		{3B302EF6-16E2-435E-97B7-6AE4197C0ACF}.Debug|Any CPU.Build.0 = Debug|Any CPU
		{3B302EF6-16E2-435E-97B7-6AE4197C0ACF}.Release|Any CPU.ActiveCfg = Release|Any CPU
		{3B302EF6-16E2-435E-97B7-6AE4197C0ACF}.Release|Any CPU.Build.0 = Release|Any CPU
	EndGlobalSection
EndGlobal
